
Microsoft Visual Studio Solution File, Format Version 12.00
# Visual Studio Version 17
VisualStudioVersion = 17.9.34714.143
MinimumVisualStudioVersion = 10.0.40219.1
Project("{FAE04EC0-301F-11D3-BF4B-00C04F79EFBC}") = "MazeGenerator", "MazeGenerator\MazeGenerator.csproj", "{A98DF9EF-36C2-47FF-856F-54EAE12CEE67}"
EndProject
Global
	GlobalSection(SolutionConfigurationPlatforms) = preSolution
		Debug|Any CPU = Debug|Any CPU
		Release|Any CPU = Release|Any CPU
	EndGlobalSection
	GlobalSection(ProjectConfigurationPlatforms) = postSolution
		{A98DF9EF-36C2-47FF-856F-54EAE12CEE67}.Debug|Any CPU.ActiveCfg = Debug|Any CPU
		{A98DF9EF-36C2-47FF-856F-54EAE12CEE67}.Debug|Any CPU.Build.0 = Debug|Any CPU
		{A98DF9EF-36C2-47FF-856F-54EAE12CEE67}.Release|Any CPU.ActiveCfg = Release|Any CPU
		{A98DF9EF-36C2-47FF-856F-54EAE12CEE67}.Release|Any CPU.Build.0 = Release|Any CPU
	EndGlobalSection
	GlobalSection(SolutionProperties) = preSolution
		HideSolutionNode = FALSE
	EndGlobalSection
	GlobalSection(ExtensibilityGlobals) = postSolution
		SolutionGuid = {F5F873FC-6391-4C6E-AFE9-A61F71F268FD}
	EndGlobalSection
EndGlobal
